// !$*UTF8*$!
{
	archiveVersion = 1;
	classes = {
	};
	objectVersion = 56;
	objects = {

/* Begin PBXBuildFile section */
		6920CBC2291D63690037E462 /* UnderDogToDoListApp.swift in Sources */ = {isa = PBXBuildFile; fileRef = 6920CBC1291D63690037E462 /* UnderDogToDoListApp.swift */; };
		6920CBC4291D63690037E462 /* ContentView.swift in Sources */ = {isa = PBXBuildFile; fileRef = 6920CBC3291D63690037E462 /* ContentView.swift */; };
		6920CBC6291D636A0037E462 /* Assets.xcassets in Resources */ = {isa = PBXBuildFile; fileRef = 6920CBC5291D636A0037E462 /* Assets.xcassets */; };
		6920CBC9291D636A0037E462 /* Preview Assets.xcassets in Resources */ = {isa = PBXBuildFile; fileRef = 6920CBC8291D636A0037E462 /* Preview Assets.xcassets */; };
		6920CBDD291D636A0037E462 /* UnderDogToDoListUITests.swift in Sources */ = {isa = PBXBuildFile; fileRef = 6920CBDC291D636A0037E462 /* UnderDogToDoListUITests.swift */; };
		6920CBDF291D636A0037E462 /* UnderDogToDoListUITestsLaunchTests.swift in Sources */ = {isa = PBXBuildFile; fileRef = 6920CBDE291D636A0037E462 /* UnderDogToDoListUITestsLaunchTests.swift */; };
		6920CBEC291D64060037E462 /* EntityProtocol.swift in Sources */ = {isa = PBXBuildFile; fileRef = 6920CBEB291D64060037E462 /* EntityProtocol.swift */; };
		6920CBEF291D64A20037E462 /* DataComponent.swift in Sources */ = {isa = PBXBuildFile; fileRef = 6920CBEE291D64A20037E462 /* DataComponent.swift */; };
		6920CBF1291D65D70037E462 /* StartUpProtocol.swift in Sources */ = {isa = PBXBuildFile; fileRef = 6920CBF0291D65D70037E462 /* StartUpProtocol.swift */; };
		6920CBF3291D66430037E462 /* Store.swift in Sources */ = {isa = PBXBuildFile; fileRef = 6920CBF2291D66430037E462 /* Store.swift */; };
		6920CBF5291D665A0037E462 /* AppState.swift in Sources */ = {isa = PBXBuildFile; fileRef = 6920CBF4291D665A0037E462 /* AppState.swift */; };
		6920CBF7291D67030037E462 /* DependencyContainer.swift in Sources */ = {isa = PBXBuildFile; fileRef = 6920CBF6291D67030037E462 /* DependencyContainer.swift */; };
		6920CBFB291D67790037E462 /* LocalStorageManager.swift in Sources */ = {isa = PBXBuildFile; fileRef = 6920CBFA291D67790037E462 /* LocalStorageManager.swift */; };
		6920CBFF291D68840037E462 /* FirebaseAuthService.swift in Sources */ = {isa = PBXBuildFile; fileRef = 6920CBFE291D68840037E462 /* FirebaseAuthService.swift */; };
		6920CC02291D69280037E462 /* FirebaseAnalytics in Frameworks */ = {isa = PBXBuildFile; productRef = 6920CC01291D69280037E462 /* FirebaseAnalytics */; };
		6920CC04291D69280037E462 /* FirebaseAnalyticsOnDeviceConversion in Frameworks */ = {isa = PBXBuildFile; productRef = 6920CC03291D69280037E462 /* FirebaseAnalyticsOnDeviceConversion */; };
		6920CC06291D69280037E462 /* FirebaseAnalyticsSwift in Frameworks */ = {isa = PBXBuildFile; productRef = 6920CC05291D69280037E462 /* FirebaseAnalyticsSwift */; };
		6920CC08291D69280037E462 /* FirebaseAnalyticsWithoutAdIdSupport in Frameworks */ = {isa = PBXBuildFile; productRef = 6920CC07291D69280037E462 /* FirebaseAnalyticsWithoutAdIdSupport */; };
		6920CC0A291D69280037E462 /* FirebaseAppCheck in Frameworks */ = {isa = PBXBuildFile; productRef = 6920CC09291D69280037E462 /* FirebaseAppCheck */; };
		6920CC0C291D69280037E462 /* FirebaseAppDistribution-Beta in Frameworks */ = {isa = PBXBuildFile; productRef = 6920CC0B291D69280037E462 /* FirebaseAppDistribution-Beta */; };
		6920CC0E291D69280037E462 /* FirebaseAuth in Frameworks */ = {isa = PBXBuildFile; productRef = 6920CC0D291D69280037E462 /* FirebaseAuth */; settings = {ATTRIBUTES = (Required, ); }; };
		6920CC10291D69280037E462 /* FirebaseAuthCombine-Community in Frameworks */ = {isa = PBXBuildFile; productRef = 6920CC0F291D69280037E462 /* FirebaseAuthCombine-Community */; };
		6920CC12291D69280037E462 /* FirebaseCrashlytics in Frameworks */ = {isa = PBXBuildFile; productRef = 6920CC11291D69280037E462 /* FirebaseCrashlytics */; };
		6920CC14291D69280037E462 /* FirebaseDatabase in Frameworks */ = {isa = PBXBuildFile; productRef = 6920CC13291D69280037E462 /* FirebaseDatabase */; };
		6920CC16291D69280037E462 /* FirebaseDatabaseSwift in Frameworks */ = {isa = PBXBuildFile; productRef = 6920CC15291D69280037E462 /* FirebaseDatabaseSwift */; };
		6920CC18291D69280037E462 /* FirebaseDynamicLinks in Frameworks */ = {isa = PBXBuildFile; productRef = 6920CC17291D69280037E462 /* FirebaseDynamicLinks */; };
		6920CC1A291D69280037E462 /* FirebaseFirestore in Frameworks */ = {isa = PBXBuildFile; productRef = 6920CC19291D69280037E462 /* FirebaseFirestore */; };
		6920CC1C291D69280037E462 /* FirebaseFirestoreCombine-Community in Frameworks */ = {isa = PBXBuildFile; productRef = 6920CC1B291D69280037E462 /* FirebaseFirestoreCombine-Community */; };
		6920CC1E291D69280037E462 /* FirebaseFirestoreSwift in Frameworks */ = {isa = PBXBuildFile; productRef = 6920CC1D291D69280037E462 /* FirebaseFirestoreSwift */; };
		6920CC20291D69280037E462 /* FirebaseFunctions in Frameworks */ = {isa = PBXBuildFile; productRef = 6920CC1F291D69280037E462 /* FirebaseFunctions */; };
		6920CC22291D69280037E462 /* FirebaseFunctionsCombine-Community in Frameworks */ = {isa = PBXBuildFile; productRef = 6920CC21291D69280037E462 /* FirebaseFunctionsCombine-Community */; };
		6920CC24291D69280037E462 /* FirebaseInAppMessaging-Beta in Frameworks */ = {isa = PBXBuildFile; productRef = 6920CC23291D69280037E462 /* FirebaseInAppMessaging-Beta */; };
		6920CC26291D69280037E462 /* FirebaseInAppMessagingSwift-Beta in Frameworks */ = {isa = PBXBuildFile; productRef = 6920CC25291D69280037E462 /* FirebaseInAppMessagingSwift-Beta */; };
		6920CC28291D69280037E462 /* FirebaseInstallations in Frameworks */ = {isa = PBXBuildFile; productRef = 6920CC27291D69280037E462 /* FirebaseInstallations */; };
		6920CC2A291D69280037E462 /* FirebaseMLModelDownloader in Frameworks */ = {isa = PBXBuildFile; productRef = 6920CC29291D69280037E462 /* FirebaseMLModelDownloader */; };
		6920CC2C291D69280037E462 /* FirebaseMessaging in Frameworks */ = {isa = PBXBuildFile; productRef = 6920CC2B291D69280037E462 /* FirebaseMessaging */; };
		6920CC2E291D69280037E462 /* FirebasePerformance in Frameworks */ = {isa = PBXBuildFile; productRef = 6920CC2D291D69280037E462 /* FirebasePerformance */; };
		6920CC30291D69280037E462 /* FirebaseRemoteConfig in Frameworks */ = {isa = PBXBuildFile; productRef = 6920CC2F291D69280037E462 /* FirebaseRemoteConfig */; };
		6920CC32291D69280037E462 /* FirebaseRemoteConfigSwift in Frameworks */ = {isa = PBXBuildFile; productRef = 6920CC31291D69280037E462 /* FirebaseRemoteConfigSwift */; };
		6920CC34291D69280037E462 /* FirebaseStorage in Frameworks */ = {isa = PBXBuildFile; productRef = 6920CC33291D69280037E462 /* FirebaseStorage */; };
		6920CC36291D69280037E462 /* FirebaseStorageCombine-Community in Frameworks */ = {isa = PBXBuildFile; productRef = 6920CC35291D69280037E462 /* FirebaseStorageCombine-Community */; };
		6920CC38291D69BA0037E462 /* TokenManager.swift in Sources */ = {isa = PBXBuildFile; fileRef = 6920CC37291D69BA0037E462 /* TokenManager.swift */; };
		6920CC3A291D69FE0037E462 /* ComponentProtocol.swift in Sources */ = {isa = PBXBuildFile; fileRef = 6920CC39291D69FE0037E462 /* ComponentProtocol.swift */; };
		6920CC3D291D6FAE0037E462 /* FirebaseAuth in Frameworks */ = {isa = PBXBuildFile; productRef = 6920CC3C291D6FAE0037E462 /* FirebaseAuth */; };
		6920CC40291D70570037E462 /* DependencyContainerTests.swift in Sources */ = {isa = PBXBuildFile; fileRef = 6920CC3F291D70570037E462 /* DependencyContainerTests.swift */; };
		6920CC43291D71300037E462 /* MockTokenManager.swift in Sources */ = {isa = PBXBuildFile; fileRef = 6920CC42291D71300037E462 /* MockTokenManager.swift */; };
		6920CC45291D716F0037E462 /* MockLocalStorageManager.swift in Sources */ = {isa = PBXBuildFile; fileRef = 6920CC44291D716F0037E462 /* MockLocalStorageManager.swift */; };
		6920CC47291D718C0037E462 /* TokenManagerTests.swift in Sources */ = {isa = PBXBuildFile; fileRef = 6920CC46291D718C0037E462 /* TokenManagerTests.swift */; };
		6920CC49291D71AC0037E462 /* MockEntity.swift in Sources */ = {isa = PBXBuildFile; fileRef = 6920CC48291D71AC0037E462 /* MockEntity.swift */; };
		6920CC4B291D71D40037E462 /* LocalStorageManagerTests.swift in Sources */ = {isa = PBXBuildFile; fileRef = 6920CC4A291D71D40037E462 /* LocalStorageManagerTests.swift */; };
		6920CC4D291D727E0037E462 /* MockFirebaseAuthService.swift in Sources */ = {isa = PBXBuildFile; fileRef = 6920CC4C291D727E0037E462 /* MockFirebaseAuthService.swift */; };
		6920CC50291D74A80037E462 /* FirebaseAuthServiceTests.swift in Sources */ = {isa = PBXBuildFile; fileRef = 6920CC4F291D74A80037E462 /* FirebaseAuthServiceTests.swift */; };
/* End PBXBuildFile section */

/* Begin PBXContainerItemProxy section */
		6920CBCF291D636A0037E462 /* PBXContainerItemProxy */ = {
			isa = PBXContainerItemProxy;
			containerPortal = 6920CBB6291D63690037E462 /* Project object */;
			proxyType = 1;
			remoteGlobalIDString = 6920CBBD291D63690037E462;
			remoteInfo = UnderDogToDoList;
		};
		6920CBD9291D636A0037E462 /* PBXContainerItemProxy */ = {
			isa = PBXContainerItemProxy;
			containerPortal = 6920CBB6291D63690037E462 /* Project object */;
			proxyType = 1;
			remoteGlobalIDString = 6920CBBD291D63690037E462;
			remoteInfo = UnderDogToDoList;
		};
/* End PBXContainerItemProxy section */

/* Begin PBXFileReference section */
		6920CBBE291D63690037E462 /* UnderDogToDoList.app */ = {isa = PBXFileReference; explicitFileType = wrapper.application; includeInIndex = 0; path = UnderDogToDoList.app; sourceTree = BUILT_PRODUCTS_DIR; };
		6920CBC1291D63690037E462 /* UnderDogToDoListApp.swift */ = {isa = PBXFileReference; lastKnownFileType = sourcecode.swift; path = UnderDogToDoListApp.swift; sourceTree = "<group>"; };
		6920CBC3291D63690037E462 /* ContentView.swift */ = {isa = PBXFileReference; lastKnownFileType = sourcecode.swift; path = ContentView.swift; sourceTree = "<group>"; };
		6920CBC5291D636A0037E462 /* Assets.xcassets */ = {isa = PBXFileReference; lastKnownFileType = folder.assetcatalog; path = Assets.xcassets; sourceTree = "<group>"; };
		6920CBC8291D636A0037E462 /* Preview Assets.xcassets */ = {isa = PBXFileReference; lastKnownFileType = folder.assetcatalog; path = "Preview Assets.xcassets"; sourceTree = "<group>"; };
		6920CBCE291D636A0037E462 /* UnderDogToDoListTests.xctest */ = {isa = PBXFileReference; explicitFileType = wrapper.cfbundle; includeInIndex = 0; path = UnderDogToDoListTests.xctest; sourceTree = BUILT_PRODUCTS_DIR; };
		6920CBD8291D636A0037E462 /* UnderDogToDoListUITests.xctest */ = {isa = PBXFileReference; explicitFileType = wrapper.cfbundle; includeInIndex = 0; path = UnderDogToDoListUITests.xctest; sourceTree = BUILT_PRODUCTS_DIR; };
		6920CBDC291D636A0037E462 /* UnderDogToDoListUITests.swift */ = {isa = PBXFileReference; lastKnownFileType = sourcecode.swift; path = UnderDogToDoListUITests.swift; sourceTree = "<group>"; };
		6920CBDE291D636A0037E462 /* UnderDogToDoListUITestsLaunchTests.swift */ = {isa = PBXFileReference; lastKnownFileType = sourcecode.swift; path = UnderDogToDoListUITestsLaunchTests.swift; sourceTree = "<group>"; };
		6920CBEB291D64060037E462 /* EntityProtocol.swift */ = {isa = PBXFileReference; lastKnownFileType = sourcecode.swift; path = EntityProtocol.swift; sourceTree = "<group>"; };
		6920CBEE291D64A20037E462 /* DataComponent.swift */ = {isa = PBXFileReference; lastKnownFileType = sourcecode.swift; path = DataComponent.swift; sourceTree = "<group>"; };
		6920CBF0291D65D70037E462 /* StartUpProtocol.swift */ = {isa = PBXFileReference; lastKnownFileType = sourcecode.swift; path = StartUpProtocol.swift; sourceTree = "<group>"; };
		6920CBF2291D66430037E462 /* Store.swift */ = {isa = PBXFileReference; lastKnownFileType = sourcecode.swift; path = Store.swift; sourceTree = "<group>"; };
		6920CBF4291D665A0037E462 /* AppState.swift */ = {isa = PBXFileReference; lastKnownFileType = sourcecode.swift; path = AppState.swift; sourceTree = "<group>"; };
		6920CBF6291D67030037E462 /* DependencyContainer.swift */ = {isa = PBXFileReference; lastKnownFileType = sourcecode.swift; path = DependencyContainer.swift; sourceTree = "<group>"; };
		6920CBFA291D67790037E462 /* LocalStorageManager.swift */ = {isa = PBXFileReference; lastKnownFileType = sourcecode.swift; path = LocalStorageManager.swift; sourceTree = "<group>"; };
		6920CBFE291D68840037E462 /* FirebaseAuthService.swift */ = {isa = PBXFileReference; lastKnownFileType = sourcecode.swift; path = FirebaseAuthService.swift; sourceTree = "<group>"; };
		6920CC37291D69BA0037E462 /* TokenManager.swift */ = {isa = PBXFileReference; lastKnownFileType = sourcecode.swift; path = TokenManager.swift; sourceTree = "<group>"; };
		6920CC39291D69FE0037E462 /* ComponentProtocol.swift */ = {isa = PBXFileReference; lastKnownFileType = sourcecode.swift; path = ComponentProtocol.swift; sourceTree = "<group>"; };
		6920CC3F291D70570037E462 /* DependencyContainerTests.swift */ = {isa = PBXFileReference; lastKnownFileType = sourcecode.swift; path = DependencyContainerTests.swift; sourceTree = "<group>"; };
		6920CC42291D71300037E462 /* MockTokenManager.swift */ = {isa = PBXFileReference; lastKnownFileType = sourcecode.swift; path = MockTokenManager.swift; sourceTree = "<group>"; };
		6920CC44291D716F0037E462 /* MockLocalStorageManager.swift */ = {isa = PBXFileReference; lastKnownFileType = sourcecode.swift; path = MockLocalStorageManager.swift; sourceTree = "<group>"; };
		6920CC46291D718C0037E462 /* TokenManagerTests.swift */ = {isa = PBXFileReference; lastKnownFileType = sourcecode.swift; path = TokenManagerTests.swift; sourceTree = "<group>"; };
		6920CC48291D71AC0037E462 /* MockEntity.swift */ = {isa = PBXFileReference; lastKnownFileType = sourcecode.swift; path = MockEntity.swift; sourceTree = "<group>"; };
		6920CC4A291D71D40037E462 /* LocalStorageManagerTests.swift */ = {isa = PBXFileReference; lastKnownFileType = sourcecode.swift; path = LocalStorageManagerTests.swift; sourceTree = "<group>"; };
		6920CC4C291D727E0037E462 /* MockFirebaseAuthService.swift */ = {isa = PBXFileReference; lastKnownFileType = sourcecode.swift; path = MockFirebaseAuthService.swift; sourceTree = "<group>"; };
		6920CC4F291D74A80037E462 /* FirebaseAuthServiceTests.swift */ = {isa = PBXFileReference; lastKnownFileType = sourcecode.swift; path = FirebaseAuthServiceTests.swift; sourceTree = "<group>"; };
/* End PBXFileReference section */

/* Begin PBXFrameworksBuildPhase section */
		6920CBBB291D63690037E462 /* Frameworks */ = {
			isa = PBXFrameworksBuildPhase;
			buildActionMask = 2147483647;
			files = (
				6920CC14291D69280037E462 /* FirebaseDatabase in Frameworks */,
				6920CC22291D69280037E462 /* FirebaseFunctionsCombine-Community in Frameworks */,
				6920CC1A291D69280037E462 /* FirebaseFirestore in Frameworks */,
				6920CC06291D69280037E462 /* FirebaseAnalyticsSwift in Frameworks */,
				6920CC02291D69280037E462 /* FirebaseAnalytics in Frameworks */,
				6920CC04291D69280037E462 /* FirebaseAnalyticsOnDeviceConversion in Frameworks */,
				6920CC2A291D69280037E462 /* FirebaseMLModelDownloader in Frameworks */,
				6920CC1E291D69280037E462 /* FirebaseFirestoreSwift in Frameworks */,
				6920CC0A291D69280037E462 /* FirebaseAppCheck in Frameworks */,
				6920CC08291D69280037E462 /* FirebaseAnalyticsWithoutAdIdSupport in Frameworks */,
				6920CC0E291D69280037E462 /* FirebaseAuth in Frameworks */,
				6920CC12291D69280037E462 /* FirebaseCrashlytics in Frameworks */,
				6920CC32291D69280037E462 /* FirebaseRemoteConfigSwift in Frameworks */,
				6920CC24291D69280037E462 /* FirebaseInAppMessaging-Beta in Frameworks */,
				6920CC16291D69280037E462 /* FirebaseDatabaseSwift in Frameworks */,
				6920CC20291D69280037E462 /* FirebaseFunctions in Frameworks */,
				6920CC36291D69280037E462 /* FirebaseStorageCombine-Community in Frameworks */,
				6920CC30291D69280037E462 /* FirebaseRemoteConfig in Frameworks */,
				6920CC0C291D69280037E462 /* FirebaseAppDistribution-Beta in Frameworks */,
				6920CC10291D69280037E462 /* FirebaseAuthCombine-Community in Frameworks */,
				6920CC2E291D69280037E462 /* FirebasePerformance in Frameworks */,
				6920CC26291D69280037E462 /* FirebaseInAppMessagingSwift-Beta in Frameworks */,
				6920CC34291D69280037E462 /* FirebaseStorage in Frameworks */,
				6920CC18291D69280037E462 /* FirebaseDynamicLinks in Frameworks */,
				6920CC1C291D69280037E462 /* FirebaseFirestoreCombine-Community in Frameworks */,
				6920CC2C291D69280037E462 /* FirebaseMessaging in Frameworks */,
				6920CC28291D69280037E462 /* FirebaseInstallations in Frameworks */,
			);
			runOnlyForDeploymentPostprocessing = 0;
		};
		6920CBCB291D636A0037E462 /* Frameworks */ = {
			isa = PBXFrameworksBuildPhase;
			buildActionMask = 2147483647;
			files = (
				6920CC3D291D6FAE0037E462 /* FirebaseAuth in Frameworks */,
			);
			runOnlyForDeploymentPostprocessing = 0;
		};
		6920CBD5291D636A0037E462 /* Frameworks */ = {
			isa = PBXFrameworksBuildPhase;
			buildActionMask = 2147483647;
			files = (
			);
			runOnlyForDeploymentPostprocessing = 0;
		};
/* End PBXFrameworksBuildPhase section */

/* Begin PBXGroup section */
		6920CBB5291D63690037E462 = {
			isa = PBXGroup;
			children = (
				6920CBC0291D63690037E462 /* UnderDogToDoList */,
				6920CBD1291D636A0037E462 /* UnderDogToDoListTests */,
				6920CBDB291D636A0037E462 /* UnderDogToDoListUITests */,
				6920CBBF291D63690037E462 /* Products */,
				6920CC3B291D6FAE0037E462 /* Frameworks */,
			);
			sourceTree = "<group>";
		};
		6920CBBF291D63690037E462 /* Products */ = {
			isa = PBXGroup;
			children = (
				6920CBBE291D63690037E462 /* UnderDogToDoList.app */,
				6920CBCE291D636A0037E462 /* UnderDogToDoListTests.xctest */,
				6920CBD8291D636A0037E462 /* UnderDogToDoListUITests.xctest */,
			);
			name = Products;
			sourceTree = "<group>";
		};
		6920CBC0291D63690037E462 /* UnderDogToDoList */ = {
			isa = PBXGroup;
			children = (
				6920CBFD291D68760037E462 /* Networking */,
				6920CBED291D64150037E462 /* Dependency Container */,
				6920CBC1291D63690037E462 /* UnderDogToDoListApp.swift */,
				6920CBC3291D63690037E462 /* ContentView.swift */,
				6920CBC5291D636A0037E462 /* Assets.xcassets */,
				6920CBC7291D636A0037E462 /* Preview Content */,
			);
			path = UnderDogToDoList;
			sourceTree = "<group>";
		};
		6920CBC7291D636A0037E462 /* Preview Content */ = {
			isa = PBXGroup;
			children = (
				6920CBC8291D636A0037E462 /* Preview Assets.xcassets */,
			);
			path = "Preview Content";
			sourceTree = "<group>";
		};
		6920CBD1291D636A0037E462 /* UnderDogToDoListTests */ = {
			isa = PBXGroup;
			children = (
				6920CC4E291D74930037E462 /* Networking */,
				6920CC41291D711C0037E462 /* Mocks */,
				6920CC3E291D702B0037E462 /* DependencyContainer */,
			);
			path = UnderDogToDoListTests;
			sourceTree = "<group>";
		};
		6920CBDB291D636A0037E462 /* UnderDogToDoListUITests */ = {
			isa = PBXGroup;
			children = (
				6920CBDC291D636A0037E462 /* UnderDogToDoListUITests.swift */,
				6920CBDE291D636A0037E462 /* UnderDogToDoListUITestsLaunchTests.swift */,
			);
			path = UnderDogToDoListUITests;
			sourceTree = "<group>";
		};
		6920CBED291D64150037E462 /* Dependency Container */ = {
			isa = PBXGroup;
			children = (
				6920CBEB291D64060037E462 /* EntityProtocol.swift */,
				6920CBEE291D64A20037E462 /* DataComponent.swift */,
				6920CBF0291D65D70037E462 /* StartUpProtocol.swift */,
				6920CBF2291D66430037E462 /* Store.swift */,
				6920CBF4291D665A0037E462 /* AppState.swift */,
				6920CBF6291D67030037E462 /* DependencyContainer.swift */,
				6920CBFA291D67790037E462 /* LocalStorageManager.swift */,
				6920CC37291D69BA0037E462 /* TokenManager.swift */,
				6920CC39291D69FE0037E462 /* ComponentProtocol.swift */,
			);
			path = "Dependency Container";
			sourceTree = "<group>";
		};
		6920CBFD291D68760037E462 /* Networking */ = {
			isa = PBXGroup;
			children = (
				6920CBFE291D68840037E462 /* FirebaseAuthService.swift */,
			);
			path = Networking;
			sourceTree = "<group>";
		};
		6920CC3B291D6FAE0037E462 /* Frameworks */ = {
			isa = PBXGroup;
			children = (
			);
			name = Frameworks;
			sourceTree = "<group>";
		};
		6920CC3E291D702B0037E462 /* DependencyContainer */ = {
			isa = PBXGroup;
			children = (
				6920CC3F291D70570037E462 /* DependencyContainerTests.swift */,
				6920CC46291D718C0037E462 /* TokenManagerTests.swift */,
				6920CC4A291D71D40037E462 /* LocalStorageManagerTests.swift */,
			);
			path = DependencyContainer;
			sourceTree = "<group>";
		};
		6920CC41291D711C0037E462 /* Mocks */ = {
			isa = PBXGroup;
			children = (
				6920CC42291D71300037E462 /* MockTokenManager.swift */,
				6920CC44291D716F0037E462 /* MockLocalStorageManager.swift */,
				6920CC48291D71AC0037E462 /* MockEntity.swift */,
				6920CC4C291D727E0037E462 /* MockFirebaseAuthService.swift */,
			);
			path = Mocks;
			sourceTree = "<group>";
		};
		6920CC4E291D74930037E462 /* Networking */ = {
			isa = PBXGroup;
			children = (
				6920CC4F291D74A80037E462 /* FirebaseAuthServiceTests.swift */,
			);
			path = Networking;
			sourceTree = "<group>";
		};
/* End PBXGroup section */

/* Begin PBXNativeTarget section */
		6920CBBD291D63690037E462 /* UnderDogToDoList */ = {
			isa = PBXNativeTarget;
			buildConfigurationList = 6920CBE2291D636A0037E462 /* Build configuration list for PBXNativeTarget "UnderDogToDoList" */;
			buildPhases = (
				6920CBBA291D63690037E462 /* Sources */,
				6920CBBB291D63690037E462 /* Frameworks */,
				6920CBBC291D63690037E462 /* Resources */,
			);
			buildRules = (
			);
			dependencies = (
			);
			name = UnderDogToDoList;
			packageProductDependencies = (
				6920CC01291D69280037E462 /* FirebaseAnalytics */,
				6920CC03291D69280037E462 /* FirebaseAnalyticsOnDeviceConversion */,
				6920CC05291D69280037E462 /* FirebaseAnalyticsSwift */,
				6920CC07291D69280037E462 /* FirebaseAnalyticsWithoutAdIdSupport */,
				6920CC09291D69280037E462 /* FirebaseAppCheck */,
				6920CC0B291D69280037E462 /* FirebaseAppDistribution-Beta */,
				6920CC0D291D69280037E462 /* FirebaseAuth */,
				6920CC0F291D69280037E462 /* FirebaseAuthCombine-Community */,
				6920CC11291D69280037E462 /* FirebaseCrashlytics */,
				6920CC13291D69280037E462 /* FirebaseDatabase */,
				6920CC15291D69280037E462 /* FirebaseDatabaseSwift */,
				6920CC17291D69280037E462 /* FirebaseDynamicLinks */,
				6920CC19291D69280037E462 /* FirebaseFirestore */,
				6920CC1B291D69280037E462 /* FirebaseFirestoreCombine-Community */,
				6920CC1D291D69280037E462 /* FirebaseFirestoreSwift */,
				6920CC1F291D69280037E462 /* FirebaseFunctions */,
				6920CC21291D69280037E462 /* FirebaseFunctionsCombine-Community */,
				6920CC23291D69280037E462 /* FirebaseInAppMessaging-Beta */,
				6920CC25291D69280037E462 /* FirebaseInAppMessagingSwift-Beta */,
				6920CC27291D69280037E462 /* FirebaseInstallations */,
				6920CC29291D69280037E462 /* FirebaseMLModelDownloader */,
				6920CC2B291D69280037E462 /* FirebaseMessaging */,
				6920CC2D291D69280037E462 /* FirebasePerformance */,
				6920CC2F291D69280037E462 /* FirebaseRemoteConfig */,
				6920CC31291D69280037E462 /* FirebaseRemoteConfigSwift */,
				6920CC33291D69280037E462 /* FirebaseStorage */,
				6920CC35291D69280037E462 /* FirebaseStorageCombine-Community */,
			);
			productName = UnderDogToDoList;
			productReference = 6920CBBE291D63690037E462 /* UnderDogToDoList.app */;
			productType = "com.apple.product-type.application";
		};
		6920CBCD291D636A0037E462 /* UnderDogToDoListTests */ = {
			isa = PBXNativeTarget;
			buildConfigurationList = 6920CBE5291D636A0037E462 /* Build configuration list for PBXNativeTarget "UnderDogToDoListTests" */;
			buildPhases = (
				6920CBCA291D636A0037E462 /* Sources */,
				6920CBCB291D636A0037E462 /* Frameworks */,
				6920CBCC291D636A0037E462 /* Resources */,
			);
			buildRules = (
			);
			dependencies = (
				6920CBD0291D636A0037E462 /* PBXTargetDependency */,
			);
			name = UnderDogToDoListTests;
			packageProductDependencies = (
				6920CC3C291D6FAE0037E462 /* FirebaseAuth */,
			);
			productName = UnderDogToDoListTests;
			productReference = 6920CBCE291D636A0037E462 /* UnderDogToDoListTests.xctest */;
			productType = "com.apple.product-type.bundle.unit-test";
		};
		6920CBD7291D636A0037E462 /* UnderDogToDoListUITests */ = {
			isa = PBXNativeTarget;
			buildConfigurationList = 6920CBE8291D636A0037E462 /* Build configuration list for PBXNativeTarget "UnderDogToDoListUITests" */;
			buildPhases = (
				6920CBD4291D636A0037E462 /* Sources */,
				6920CBD5291D636A0037E462 /* Frameworks */,
				6920CBD6291D636A0037E462 /* Resources */,
			);
			buildRules = (
			);
			dependencies = (
				6920CBDA291D636A0037E462 /* PBXTargetDependency */,
			);
			name = UnderDogToDoListUITests;
			productName = UnderDogToDoListUITests;
			productReference = 6920CBD8291D636A0037E462 /* UnderDogToDoListUITests.xctest */;
			productType = "com.apple.product-type.bundle.ui-testing";
		};
/* End PBXNativeTarget section */

/* Begin PBXProject section */
		6920CBB6291D63690037E462 /* Project object */ = {
			isa = PBXProject;
			attributes = {
				BuildIndependentTargetsInParallel = 1;
				LastSwiftUpdateCheck = 1400;
				LastUpgradeCheck = 1400;
				TargetAttributes = {
					6920CBBD291D63690037E462 = {
						CreatedOnToolsVersion = 14.0.1;
					};
					6920CBCD291D636A0037E462 = {
						CreatedOnToolsVersion = 14.0.1;
						TestTargetID = 6920CBBD291D63690037E462;
					};
					6920CBD7291D636A0037E462 = {
						CreatedOnToolsVersion = 14.0.1;
						TestTargetID = 6920CBBD291D63690037E462;
					};
				};
			};
			buildConfigurationList = 6920CBB9291D63690037E462 /* Build configuration list for PBXProject "UnderDogToDoList" */;
			compatibilityVersion = "Xcode 14.0";
			developmentRegion = en;
			hasScannedForEncodings = 0;
			knownRegions = (
				en,
				Base,
			);
			mainGroup = 6920CBB5291D63690037E462;
			packageReferences = (
				6920CC00291D69280037E462 /* XCRemoteSwiftPackageReference "firebase-ios-sdk" */,
			);
			productRefGroup = 6920CBBF291D63690037E462 /* Products */;
			projectDirPath = "";
			projectRoot = "";
			targets = (
				6920CBBD291D63690037E462 /* UnderDogToDoList */,
				6920CBCD291D636A0037E462 /* UnderDogToDoListTests */,
				6920CBD7291D636A0037E462 /* UnderDogToDoListUITests */,
			);
		};
/* End PBXProject section */

/* Begin PBXResourcesBuildPhase section */
		6920CBBC291D63690037E462 /* Resources */ = {
			isa = PBXResourcesBuildPhase;
			buildActionMask = 2147483647;
			files = (
				6920CBC9291D636A0037E462 /* Preview Assets.xcassets in Resources */,
				6920CBC6291D636A0037E462 /* Assets.xcassets in Resources */,
			);
			runOnlyForDeploymentPostprocessing = 0;
		};
		6920CBCC291D636A0037E462 /* Resources */ = {
			isa = PBXResourcesBuildPhase;
			buildActionMask = 2147483647;
			files = (
			);
			runOnlyForDeploymentPostprocessing = 0;
		};
		6920CBD6291D636A0037E462 /* Resources */ = {
			isa = PBXResourcesBuildPhase;
			buildActionMask = 2147483647;
			files = (
			);
			runOnlyForDeploymentPostprocessing = 0;
		};
/* End PBXResourcesBuildPhase section */

/* Begin PBXSourcesBuildPhase section */
		6920CBBA291D63690037E462 /* Sources */ = {
			isa = PBXSourcesBuildPhase;
			buildActionMask = 2147483647;
			files = (
				6920CC38291D69BA0037E462 /* TokenManager.swift in Sources */,
				6920CBFF291D68840037E462 /* FirebaseAuthService.swift in Sources */,
				6920CBFB291D67790037E462 /* LocalStorageManager.swift in Sources */,
				6920CC3A291D69FE0037E462 /* ComponentProtocol.swift in Sources */,
				6920CBC4291D63690037E462 /* ContentView.swift in Sources */,
				6920CBF1291D65D70037E462 /* StartUpProtocol.swift in Sources */,
				6920CBF5291D665A0037E462 /* AppState.swift in Sources */,
				6920CBC2291D63690037E462 /* UnderDogToDoListApp.swift in Sources */,
				6920CBF3291D66430037E462 /* Store.swift in Sources */,
				6920CBEC291D64060037E462 /* EntityProtocol.swift in Sources */,
				6920CBF7291D67030037E462 /* DependencyContainer.swift in Sources */,
				6920CBEF291D64A20037E462 /* DataComponent.swift in Sources */,
			);
			runOnlyForDeploymentPostprocessing = 0;
		};
		6920CBCA291D636A0037E462 /* Sources */ = {
			isa = PBXSourcesBuildPhase;
			buildActionMask = 2147483647;
			files = (
				6920CC47291D718C0037E462 /* TokenManagerTests.swift in Sources */,
				6920CC40291D70570037E462 /* DependencyContainerTests.swift in Sources */,
				6920CC50291D74A80037E462 /* FirebaseAuthServiceTests.swift in Sources */,
				6920CC4B291D71D40037E462 /* LocalStorageManagerTests.swift in Sources */,
				6920CC49291D71AC0037E462 /* MockEntity.swift in Sources */,
				6920CC45291D716F0037E462 /* MockLocalStorageManager.swift in Sources */,
				6920CC4D291D727E0037E462 /* MockFirebaseAuthService.swift in Sources */,
				6920CC43291D71300037E462 /* MockTokenManager.swift in Sources */,
			);
			runOnlyForDeploymentPostprocessing = 0;
		};
		6920CBD4291D636A0037E462 /* Sources */ = {
			isa = PBXSourcesBuildPhase;
			buildActionMask = 2147483647;
			files = (
				6920CBDF291D636A0037E462 /* UnderDogToDoListUITestsLaunchTests.swift in Sources */,
				6920CBDD291D636A0037E462 /* UnderDogToDoListUITests.swift in Sources */,
			);
			runOnlyForDeploymentPostprocessing = 0;
		};
/* End PBXSourcesBuildPhase section */

/* Begin PBXTargetDependency section */
		6920CBD0291D636A0037E462 /* PBXTargetDependency */ = {
			isa = PBXTargetDependency;
			target = 6920CBBD291D63690037E462 /* UnderDogToDoList */;
			targetProxy = 6920CBCF291D636A0037E462 /* PBXContainerItemProxy */;
		};
		6920CBDA291D636A0037E462 /* PBXTargetDependency */ = {
			isa = PBXTargetDependency;
			target = 6920CBBD291D63690037E462 /* UnderDogToDoList */;
			targetProxy = 6920CBD9291D636A0037E462 /* PBXContainerItemProxy */;
		};
/* End PBXTargetDependency section */

/* Begin XCBuildConfiguration section */
		6920CBE0291D636A0037E462 /* Debug */ = {
			isa = XCBuildConfiguration;
			buildSettings = {
				ALWAYS_SEARCH_USER_PATHS = NO;
				CLANG_ANALYZER_NONNULL = YES;
				CLANG_ANALYZER_NUMBER_OBJECT_CONVERSION = YES_AGGRESSIVE;
				CLANG_CXX_LANGUAGE_STANDARD = "gnu++20";
				CLANG_ENABLE_MODULES = YES;
				CLANG_ENABLE_OBJC_ARC = YES;
				CLANG_ENABLE_OBJC_WEAK = YES;
				CLANG_WARN_BLOCK_CAPTURE_AUTORELEASING = YES;
				CLANG_WARN_BOOL_CONVERSION = YES;
				CLANG_WARN_COMMA = YES;
				CLANG_WARN_CONSTANT_CONVERSION = YES;
				CLANG_WARN_DEPRECATED_OBJC_IMPLEMENTATIONS = YES;
				CLANG_WARN_DIRECT_OBJC_ISA_USAGE = YES_ERROR;
				CLANG_WARN_DOCUMENTATION_COMMENTS = YES;
				CLANG_WARN_EMPTY_BODY = YES;
				CLANG_WARN_ENUM_CONVERSION = YES;
				CLANG_WARN_INFINITE_RECURSION = YES;
				CLANG_WARN_INT_CONVERSION = YES;
				CLANG_WARN_NON_LITERAL_NULL_CONVERSION = YES;
				CLANG_WARN_OBJC_IMPLICIT_RETAIN_SELF = YES;
				CLANG_WARN_OBJC_LITERAL_CONVERSION = YES;
				CLANG_WARN_OBJC_ROOT_CLASS = YES_ERROR;
				CLANG_WARN_QUOTED_INCLUDE_IN_FRAMEWORK_HEADER = YES;
				CLANG_WARN_RANGE_LOOP_ANALYSIS = YES;
				CLANG_WARN_STRICT_PROTOTYPES = YES;
				CLANG_WARN_SUSPICIOUS_MOVE = YES;
				CLANG_WARN_UNGUARDED_AVAILABILITY = YES_AGGRESSIVE;
				CLANG_WARN_UNREACHABLE_CODE = YES;
				CLANG_WARN__DUPLICATE_METHOD_MATCH = YES;
				COPY_PHASE_STRIP = NO;
				DEBUG_INFORMATION_FORMAT = dwarf;
				ENABLE_STRICT_OBJC_MSGSEND = YES;
				ENABLE_TESTABILITY = YES;
				GCC_C_LANGUAGE_STANDARD = gnu11;
				GCC_DYNAMIC_NO_PIC = NO;
				GCC_NO_COMMON_BLOCKS = YES;
				GCC_OPTIMIZATION_LEVEL = 0;
				GCC_PREPROCESSOR_DEFINITIONS = (
					"DEBUG=1",
					"$(inherited)",
				);
				GCC_WARN_64_TO_32_BIT_CONVERSION = YES;
				GCC_WARN_ABOUT_RETURN_TYPE = YES_ERROR;
				GCC_WARN_UNDECLARED_SELECTOR = YES;
				GCC_WARN_UNINITIALIZED_AUTOS = YES_AGGRESSIVE;
				GCC_WARN_UNUSED_FUNCTION = YES;
				GCC_WARN_UNUSED_VARIABLE = YES;
				IPHONEOS_DEPLOYMENT_TARGET = 16.0;
				MTL_ENABLE_DEBUG_INFO = INCLUDE_SOURCE;
				MTL_FAST_MATH = YES;
				ONLY_ACTIVE_ARCH = YES;
				SDKROOT = iphoneos;
				SWIFT_ACTIVE_COMPILATION_CONDITIONS = DEBUG;
				SWIFT_OPTIMIZATION_LEVEL = "-Onone";
			};
			name = Debug;
		};
		6920CBE1291D636A0037E462 /* Release */ = {
			isa = XCBuildConfiguration;
			buildSettings = {
				ALWAYS_SEARCH_USER_PATHS = NO;
				CLANG_ANALYZER_NONNULL = YES;
				CLANG_ANALYZER_NUMBER_OBJECT_CONVERSION = YES_AGGRESSIVE;
				CLANG_CXX_LANGUAGE_STANDARD = "gnu++20";
				CLANG_ENABLE_MODULES = YES;
				CLANG_ENABLE_OBJC_ARC = YES;
				CLANG_ENABLE_OBJC_WEAK = YES;
				CLANG_WARN_BLOCK_CAPTURE_AUTORELEASING = YES;
				CLANG_WARN_BOOL_CONVERSION = YES;
				CLANG_WARN_COMMA = YES;
				CLANG_WARN_CONSTANT_CONVERSION = YES;
				CLANG_WARN_DEPRECATED_OBJC_IMPLEMENTATIONS = YES;
				CLANG_WARN_DIRECT_OBJC_ISA_USAGE = YES_ERROR;
				CLANG_WARN_DOCUMENTATION_COMMENTS = YES;
				CLANG_WARN_EMPTY_BODY = YES;
				CLANG_WARN_ENUM_CONVERSION = YES;
				CLANG_WARN_INFINITE_RECURSION = YES;
				CLANG_WARN_INT_CONVERSION = YES;
				CLANG_WARN_NON_LITERAL_NULL_CONVERSION = YES;
				CLANG_WARN_OBJC_IMPLICIT_RETAIN_SELF = YES;
				CLANG_WARN_OBJC_LITERAL_CONVERSION = YES;
				CLANG_WARN_OBJC_ROOT_CLASS = YES_ERROR;
				CLANG_WARN_QUOTED_INCLUDE_IN_FRAMEWORK_HEADER = YES;
				CLANG_WARN_RANGE_LOOP_ANALYSIS = YES;
				CLANG_WARN_STRICT_PROTOTYPES = YES;
				CLANG_WARN_SUSPICIOUS_MOVE = YES;
				CLANG_WARN_UNGUARDED_AVAILABILITY = YES_AGGRESSIVE;
				CLANG_WARN_UNREACHABLE_CODE = YES;
				CLANG_WARN__DUPLICATE_METHOD_MATCH = YES;
				COPY_PHASE_STRIP = NO;
				DEBUG_INFORMATION_FORMAT = "dwarf-with-dsym";
				ENABLE_NS_ASSERTIONS = NO;
				ENABLE_STRICT_OBJC_MSGSEND = YES;
				GCC_C_LANGUAGE_STANDARD = gnu11;
				GCC_NO_COMMON_BLOCKS = YES;
				GCC_WARN_64_TO_32_BIT_CONVERSION = YES;
				GCC_WARN_ABOUT_RETURN_TYPE = YES_ERROR;
				GCC_WARN_UNDECLARED_SELECTOR = YES;
				GCC_WARN_UNINITIALIZED_AUTOS = YES_AGGRESSIVE;
				GCC_WARN_UNUSED_FUNCTION = YES;
				GCC_WARN_UNUSED_VARIABLE = YES;
				IPHONEOS_DEPLOYMENT_TARGET = 16.0;
				MTL_ENABLE_DEBUG_INFO = NO;
				MTL_FAST_MATH = YES;
				SDKROOT = iphoneos;
				SWIFT_COMPILATION_MODE = wholemodule;
				SWIFT_OPTIMIZATION_LEVEL = "-O";
				VALIDATE_PRODUCT = YES;
			};
			name = Release;
		};
		6920CBE3291D636A0037E462 /* Debug */ = {
			isa = XCBuildConfiguration;
			buildSettings = {
				ASSETCATALOG_COMPILER_APPICON_NAME = AppIcon;
				ASSETCATALOG_COMPILER_GLOBAL_ACCENT_COLOR_NAME = AccentColor;
				CODE_SIGN_STYLE = Automatic;
				CURRENT_PROJECT_VERSION = 1;
				DEVELOPMENT_ASSET_PATHS = "\"UnderDogToDoList/Preview Content\"";
				DEVELOPMENT_TEAM = 72C98PVW56;
				ENABLE_PREVIEWS = YES;
				GENERATE_INFOPLIST_FILE = YES;
				INFOPLIST_KEY_UIApplicationSceneManifest_Generation = YES;
				INFOPLIST_KEY_UIApplicationSupportsIndirectInputEvents = YES;
				INFOPLIST_KEY_UILaunchScreen_Generation = YES;
				INFOPLIST_KEY_UISupportedInterfaceOrientations_iPad = "UIInterfaceOrientationPortrait UIInterfaceOrientationPortraitUpsideDown UIInterfaceOrientationLandscapeLeft UIInterfaceOrientationLandscapeRight";
				INFOPLIST_KEY_UISupportedInterfaceOrientations_iPhone = "UIInterfaceOrientationPortrait UIInterfaceOrientationLandscapeLeft UIInterfaceOrientationLandscapeRight";
				LD_RUNPATH_SEARCH_PATHS = (
					"$(inherited)",
					"@executable_path/Frameworks",
				);
				MARKETING_VERSION = 1.0;
				PRODUCT_BUNDLE_IDENTIFIER = com.vishal.UnderDogToDoList;
				PRODUCT_NAME = "$(TARGET_NAME)";
				SWIFT_EMIT_LOC_STRINGS = YES;
				SWIFT_VERSION = 5.0;
				TARGETED_DEVICE_FAMILY = "1,2";
			};
			name = Debug;
		};
		6920CBE4291D636A0037E462 /* Release */ = {
			isa = XCBuildConfiguration;
			buildSettings = {
				ASSETCATALOG_COMPILER_APPICON_NAME = AppIcon;
				ASSETCATALOG_COMPILER_GLOBAL_ACCENT_COLOR_NAME = AccentColor;
				CODE_SIGN_STYLE = Automatic;
				CURRENT_PROJECT_VERSION = 1;
				DEVELOPMENT_ASSET_PATHS = "\"UnderDogToDoList/Preview Content\"";
				DEVELOPMENT_TEAM = 72C98PVW56;
				ENABLE_PREVIEWS = YES;
				GENERATE_INFOPLIST_FILE = YES;
				INFOPLIST_KEY_UIApplicationSceneManifest_Generation = YES;
				INFOPLIST_KEY_UIApplicationSupportsIndirectInputEvents = YES;
				INFOPLIST_KEY_UILaunchScreen_Generation = YES;
				INFOPLIST_KEY_UISupportedInterfaceOrientations_iPad = "UIInterfaceOrientationPortrait UIInterfaceOrientationPortraitUpsideDown UIInterfaceOrientationLandscapeLeft UIInterfaceOrientationLandscapeRight";
				INFOPLIST_KEY_UISupportedInterfaceOrientations_iPhone = "UIInterfaceOrientationPortrait UIInterfaceOrientationLandscapeLeft UIInterfaceOrientationLandscapeRight";
				LD_RUNPATH_SEARCH_PATHS = (
					"$(inherited)",
					"@executable_path/Frameworks",
				);
				MARKETING_VERSION = 1.0;
				PRODUCT_BUNDLE_IDENTIFIER = com.vishal.UnderDogToDoList;
				PRODUCT_NAME = "$(TARGET_NAME)";
				SWIFT_EMIT_LOC_STRINGS = YES;
				SWIFT_VERSION = 5.0;
				TARGETED_DEVICE_FAMILY = "1,2";
			};
			name = Release;
		};
		6920CBE6291D636A0037E462 /* Debug */ = {
			isa = XCBuildConfiguration;
			buildSettings = {
				ALWAYS_EMBED_SWIFT_STANDARD_LIBRARIES = YES;
				BUNDLE_LOADER = "$(TEST_HOST)";
				CODE_SIGN_STYLE = Automatic;
				CURRENT_PROJECT_VERSION = 1;
				DEVELOPMENT_TEAM = 72C98PVW56;
				GENERATE_INFOPLIST_FILE = YES;
				IPHONEOS_DEPLOYMENT_TARGET = 16.0;
				MARKETING_VERSION = 1.0;
				PRODUCT_BUNDLE_IDENTIFIER = com.vishal.UnderDogToDoListTests;
				PRODUCT_NAME = "$(TARGET_NAME)";
				SWIFT_EMIT_LOC_STRINGS = NO;
				SWIFT_VERSION = 5.0;
				TARGETED_DEVICE_FAMILY = "1,2";
				TEST_HOST = "$(BUILT_PRODUCTS_DIR)/UnderDogToDoList.app/$(BUNDLE_EXECUTABLE_FOLDER_PATH)/UnderDogToDoList";
			};
			name = Debug;
		};
		6920CBE7291D636A0037E462 /* Release */ = {
			isa = XCBuildConfiguration;
			buildSettings = {
				ALWAYS_EMBED_SWIFT_STANDARD_LIBRARIES = YES;
				BUNDLE_LOADER = "$(TEST_HOST)";
				CODE_SIGN_STYLE = Automatic;
				CURRENT_PROJECT_VERSION = 1;
				DEVELOPMENT_TEAM = 72C98PVW56;
				GENERATE_INFOPLIST_FILE = YES;
				IPHONEOS_DEPLOYMENT_TARGET = 16.0;
				MARKETING_VERSION = 1.0;
				PRODUCT_BUNDLE_IDENTIFIER = com.vishal.UnderDogToDoListTests;
				PRODUCT_NAME = "$(TARGET_NAME)";
				SWIFT_EMIT_LOC_STRINGS = NO;
				SWIFT_VERSION = 5.0;
				TARGETED_DEVICE_FAMILY = "1,2";
				TEST_HOST = "$(BUILT_PRODUCTS_DIR)/UnderDogToDoList.app/$(BUNDLE_EXECUTABLE_FOLDER_PATH)/UnderDogToDoList";
			};
			name = Release;
		};
		6920CBE9291D636A0037E462 /* Debug */ = {
			isa = XCBuildConfiguration;
			buildSettings = {
				ALWAYS_EMBED_SWIFT_STANDARD_LIBRARIES = YES;
				CODE_SIGN_STYLE = Automatic;
				CURRENT_PROJECT_VERSION = 1;
				DEVELOPMENT_TEAM = 72C98PVW56;
				GENERATE_INFOPLIST_FILE = YES;
				MARKETING_VERSION = 1.0;
				PRODUCT_BUNDLE_IDENTIFIER = com.vishal.UnderDogToDoListUITests;
				PRODUCT_NAME = "$(TARGET_NAME)";
				SWIFT_EMIT_LOC_STRINGS = NO;
				SWIFT_VERSION = 5.0;
				TARGETED_DEVICE_FAMILY = "1,2";
				TEST_TARGET_NAME = UnderDogToDoList;
			};
			name = Debug;
		};
		6920CBEA291D636A0037E462 /* Release */ = {
			isa = XCBuildConfiguration;
			buildSettings = {
				ALWAYS_EMBED_SWIFT_STANDARD_LIBRARIES = YES;
				CODE_SIGN_STYLE = Automatic;
				CURRENT_PROJECT_VERSION = 1;
				DEVELOPMENT_TEAM = 72C98PVW56;
				GENERATE_INFOPLIST_FILE = YES;
				MARKETING_VERSION = 1.0;
				PRODUCT_BUNDLE_IDENTIFIER = com.vishal.UnderDogToDoListUITests;
				PRODUCT_NAME = "$(TARGET_NAME)";
				SWIFT_EMIT_LOC_STRINGS = NO;
				SWIFT_VERSION = 5.0;
				TARGETED_DEVICE_FAMILY = "1,2";
				TEST_TARGET_NAME = UnderDogToDoList;
			};
			name = Release;
		};
/* End XCBuildConfiguration section */

/* Begin XCConfigurationList section */
		6920CBB9291D63690037E462 /* Build configuration list for PBXProject "UnderDogToDoList" */ = {
			isa = XCConfigurationList;
			buildConfigurations = (
				6920CBE0291D636A0037E462 /* Debug */,
				6920CBE1291D636A0037E462 /* Release */,
			);
			defaultConfigurationIsVisible = 0;
			defaultConfigurationName = Release;
		};
		6920CBE2291D636A0037E462 /* Build configuration list for PBXNativeTarget "UnderDogToDoList" */ = {
			isa = XCConfigurationList;
			buildConfigurations = (
				6920CBE3291D636A0037E462 /* Debug */,
				6920CBE4291D636A0037E462 /* Release */,
			);
			defaultConfigurationIsVisible = 0;
			defaultConfigurationName = Release;
		};
		6920CBE5291D636A0037E462 /* Build configuration list for PBXNativeTarget "UnderDogToDoListTests" */ = {
			isa = XCConfigurationList;
			buildConfigurations = (
				6920CBE6291D636A0037E462 /* Debug */,
				6920CBE7291D636A0037E462 /* Release */,
			);
			defaultConfigurationIsVisible = 0;
			defaultConfigurationName = Release;
		};
		6920CBE8291D636A0037E462 /* Build configuration list for PBXNativeTarget "UnderDogToDoListUITests" */ = {
			isa = XCConfigurationList;
			buildConfigurations = (
				6920CBE9291D636A0037E462 /* Debug */,
				6920CBEA291D636A0037E462 /* Release */,
			);
			defaultConfigurationIsVisible = 0;
			defaultConfigurationName = Release;
		};
/* End XCConfigurationList section */

/* Begin XCRemoteSwiftPackageReference section */
		6920CC00291D69280037E462 /* XCRemoteSwiftPackageReference "firebase-ios-sdk" */ = {
			isa = XCRemoteSwiftPackageReference;
			repositoryURL = "https://github.com/firebase/firebase-ios-sdk";
			requirement = {
				branch = master;
				kind = branch;
			};
		};
/* End XCRemoteSwiftPackageReference section */

/* Begin XCSwiftPackageProductDependency section */
		6920CC01291D69280037E462 /* FirebaseAnalytics */ = {
			isa = XCSwiftPackageProductDependency;
			package = 6920CC00291D69280037E462 /* XCRemoteSwiftPackageReference "firebase-ios-sdk" */;
			productName = FirebaseAnalytics;
		};
		6920CC03291D69280037E462 /* FirebaseAnalyticsOnDeviceConversion */ = {
			isa = XCSwiftPackageProductDependency;
			package = 6920CC00291D69280037E462 /* XCRemoteSwiftPackageReference "firebase-ios-sdk" */;
			productName = FirebaseAnalyticsOnDeviceConversion;
		};
		6920CC05291D69280037E462 /* FirebaseAnalyticsSwift */ = {
			isa = XCSwiftPackageProductDependency;
			package = 6920CC00291D69280037E462 /* XCRemoteSwiftPackageReference "firebase-ios-sdk" */;
			productName = FirebaseAnalyticsSwift;
		};
		6920CC07291D69280037E462 /* FirebaseAnalyticsWithoutAdIdSupport */ = {
			isa = XCSwiftPackageProductDependency;
			package = 6920CC00291D69280037E462 /* XCRemoteSwiftPackageReference "firebase-ios-sdk" */;
			productName = FirebaseAnalyticsWithoutAdIdSupport;
		};
		6920CC09291D69280037E462 /* FirebaseAppCheck */ = {
			isa = XCSwiftPackageProductDependency;
			package = 6920CC00291D69280037E462 /* XCRemoteSwiftPackageReference "firebase-ios-sdk" */;
			productName = FirebaseAppCheck;
		};
		6920CC0B291D69280037E462 /* FirebaseAppDistribution-Beta */ = {
			isa = XCSwiftPackageProductDependency;
			package = 6920CC00291D69280037E462 /* XCRemoteSwiftPackageReference "firebase-ios-sdk" */;
			productName = "FirebaseAppDistribution-Beta";
		};
		6920CC0D291D69280037E462 /* FirebaseAuth */ = {
			isa = XCSwiftPackageProductDependency;
			package = 6920CC00291D69280037E462 /* XCRemoteSwiftPackageReference "firebase-ios-sdk" */;
			productName = FirebaseAuth;
		};
		6920CC0F291D69280037E462 /* FirebaseAuthCombine-Community */ = {
			isa = XCSwiftPackageProductDependency;
			package = 6920CC00291D69280037E462 /* XCRemoteSwiftPackageReference "firebase-ios-sdk" */;
			productName = "FirebaseAuthCombine-Community";
		};
		6920CC11291D69280037E462 /* FirebaseCrashlytics */ = {
			isa = XCSwiftPackageProductDependency;
			package = 6920CC00291D69280037E462 /* XCRemoteSwiftPackageReference "firebase-ios-sdk" */;
			productName = FirebaseCrashlytics;
		};
		6920CC13291D69280037E462 /* FirebaseDatabase */ = {
			isa = XCSwiftPackageProductDependency;
			package = 6920CC00291D69280037E462 /* XCRemoteSwiftPackageReference "firebase-ios-sdk" */;
			productName = FirebaseDatabase;
		};
		6920CC15291D69280037E462 /* FirebaseDatabaseSwift */ = {
			isa = XCSwiftPackageProductDependency;
			package = 6920CC00291D69280037E462 /* XCRemoteSwiftPackageReference "firebase-ios-sdk" */;
			productName = FirebaseDatabaseSwift;
		};
		6920CC17291D69280037E462 /* FirebaseDynamicLinks */ = {
			isa = XCSwiftPackageProductDependency;
			package = 6920CC00291D69280037E462 /* XCRemoteSwiftPackageReference "firebase-ios-sdk" */;
			productName = FirebaseDynamicLinks;
		};
		6920CC19291D69280037E462 /* FirebaseFirestore */ = {
			isa = XCSwiftPackageProductDependency;
			package = 6920CC00291D69280037E462 /* XCRemoteSwiftPackageReference "firebase-ios-sdk" */;
			productName = FirebaseFirestore;
		};
		6920CC1B291D69280037E462 /* FirebaseFirestoreCombine-Community */ = {
			isa = XCSwiftPackageProductDependency;
			package = 6920CC00291D69280037E462 /* XCRemoteSwiftPackageReference "firebase-ios-sdk" */;
			productName = "FirebaseFirestoreCombine-Community";
		};
		6920CC1D291D69280037E462 /* FirebaseFirestoreSwift */ = {
			isa = XCSwiftPackageProductDependency;
			package = 6920CC00291D69280037E462 /* XCRemoteSwiftPackageReference "firebase-ios-sdk" */;
			productName = FirebaseFirestoreSwift;
		};
		6920CC1F291D69280037E462 /* FirebaseFunctions */ = {
			isa = XCSwiftPackageProductDependency;
			package = 6920CC00291D69280037E462 /* XCRemoteSwiftPackageReference "firebase-ios-sdk" */;
			productName = FirebaseFunctions;
		};
		6920CC21291D69280037E462 /* FirebaseFunctionsCombine-Community */ = {
			isa = XCSwiftPackageProductDependency;
			package = 6920CC00291D69280037E462 /* XCRemoteSwiftPackageReference "firebase-ios-sdk" */;
			productName = "FirebaseFunctionsCombine-Community";
		};
		6920CC23291D69280037E462 /* FirebaseInAppMessaging-Beta */ = {
			isa = XCSwiftPackageProductDependency;
			package = 6920CC00291D69280037E462 /* XCRemoteSwiftPackageReference "firebase-ios-sdk" */;
			productName = "FirebaseInAppMessaging-Beta";
		};
		6920CC25291D69280037E462 /* FirebaseInAppMessagingSwift-Beta */ = {
			isa = XCSwiftPackageProductDependency;
			package = 6920CC00291D69280037E462 /* XCRemoteSwiftPackageReference "firebase-ios-sdk" */;
			productName = "FirebaseInAppMessagingSwift-Beta";
		};
		6920CC27291D69280037E462 /* FirebaseInstallations */ = {
			isa = XCSwiftPackageProductDependency;
			package = 6920CC00291D69280037E462 /* XCRemoteSwiftPackageReference "firebase-ios-sdk" */;
			productName = FirebaseInstallations;
		};
		6920CC29291D69280037E462 /* FirebaseMLModelDownloader */ = {
			isa = XCSwiftPackageProductDependency;
			package = 6920CC00291D69280037E462 /* XCRemoteSwiftPackageReference "firebase-ios-sdk" */;
			productName = FirebaseMLModelDownloader;
		};
		6920CC2B291D69280037E462 /* FirebaseMessaging */ = {
			isa = XCSwiftPackageProductDependency;
			package = 6920CC00291D69280037E462 /* XCRemoteSwiftPackageReference "firebase-ios-sdk" */;
			productName = FirebaseMessaging;
		};
		6920CC2D291D69280037E462 /* FirebasePerformance */ = {
			isa = XCSwiftPackageProductDependency;
			package = 6920CC00291D69280037E462 /* XCRemoteSwiftPackageReference "firebase-ios-sdk" */;
			productName = FirebasePerformance;
		};
		6920CC2F291D69280037E462 /* FirebaseRemoteConfig */ = {
			isa = XCSwiftPackageProductDependency;
			package = 6920CC00291D69280037E462 /* XCRemoteSwiftPackageReference "firebase-ios-sdk" */;
			productName = FirebaseRemoteConfig;
		};
		6920CC31291D69280037E462 /* FirebaseRemoteConfigSwift */ = {
			isa = XCSwiftPackageProductDependency;
			package = 6920CC00291D69280037E462 /* XCRemoteSwiftPackageReference "firebase-ios-sdk" */;
			productName = FirebaseRemoteConfigSwift;
		};
		6920CC33291D69280037E462 /* FirebaseStorage */ = {
			isa = XCSwiftPackageProductDependency;
			package = 6920CC00291D69280037E462 /* XCRemoteSwiftPackageReference "firebase-ios-sdk" */;
			productName = FirebaseStorage;
		};
		6920CC35291D69280037E462 /* FirebaseStorageCombine-Community */ = {
			isa = XCSwiftPackageProductDependency;
			package = 6920CC00291D69280037E462 /* XCRemoteSwiftPackageReference "firebase-ios-sdk" */;
			productName = "FirebaseStorageCombine-Community";
		};
		6920CC3C291D6FAE0037E462 /* FirebaseAuth */ = {
			isa = XCSwiftPackageProductDependency;
			package = 6920CC00291D69280037E462 /* XCRemoteSwiftPackageReference "firebase-ios-sdk" */;
			productName = FirebaseAuth;
		};
/* End XCSwiftPackageProductDependency section */
	};
	rootObject = 6920CBB6291D63690037E462 /* Project object */;
}
